
Microsoft Visual Studio Solution File, Format Version 12.00
# Visual Studio Version 16
VisualStudioVersion = 16.0.33529.622
MinimumVisualStudioVersion = 10.0.40219.1
Project("{FAE04EC0-301F-11D3-BF4B-00C04F79EFBC}") = "WEB_PROJEKAT", "WEB_PROJEKAT\WEB_PROJEKAT.csproj", "{B8AA1A5F-3081-4E6D-B5B5-8DA4C216800C}"
EndProject
Global
	GlobalSection(SolutionConfigurationPlatforms) = preSolution
		Debug|Any CPU = Debug|Any CPU
		Release|Any CPU = Release|Any CPU
	EndGlobalSection
	GlobalSection(ProjectConfigurationPlatforms) = postSolution
		{B8AA1A5F-3081-4E6D-B5B5-8DA4C216800C}.Debug|Any CPU.ActiveCfg = Debug|Any CPU
		{B8AA1A5F-3081-4E6D-B5B5-8DA4C216800C}.Debug|Any CPU.Build.0 = Debug|Any CPU
		{B8AA1A5F-3081-4E6D-B5B5-8DA4C216800C}.Release|Any CPU.ActiveCfg = Release|Any CPU
		{B8AA1A5F-3081-4E6D-B5B5-8DA4C216800C}.Release|Any CPU.Build.0 = Release|Any CPU
	EndGlobalSection
	GlobalSection(SolutionProperties) = preSolution
		HideSolutionNode = FALSE
	EndGlobalSection
	GlobalSection(ExtensibilityGlobals) = postSolution
		SolutionGuid = {1DB860BB-C1F2-4964-84A3-34E908BE8CE6}
	EndGlobalSection
EndGlobal
